
Microsoft Visual Studio Solution File, Format Version 12.00
# Visual Studio Version 17
VisualStudioVersion = 17.9.34622.214
MinimumVisualStudioVersion = 10.0.40219.1
Project("{FAE04EC0-301F-11D3-BF4B-00C04F79EFBC}") = "TaskManagerApi", "TaskManagerApi\TaskManagerApi.csproj", "{0BBD0188-05E0-4E70-82AB-DCDC625F02B1}"
EndProject
Project("{FAE04EC0-301F-11D3-BF4B-00C04F79EFBC}") = "TaskManager.Communication", "TaskManager.Communication\TaskManager.Communication.csproj", "{6DABF10B-5D21-44DF-8A1C-F9746B6133AA}"
EndProject
Project("{FAE04EC0-301F-11D3-BF4B-00C04F79EFBC}") = "TaskManager.Application", "TaskManager.Application\TaskManager.Application.csproj", "{8D1CCA63-806F-40C5-9775-CD7F36B259A1}"
EndProject
Global
	GlobalSection(SolutionConfigurationPlatforms) = preSolution
		Debug|Any CPU = Debug|Any CPU
		Release|Any CPU = Release|Any CPU
	EndGlobalSection
	GlobalSection(ProjectConfigurationPlatforms) = postSolution
		{0BBD0188-05E0-4E70-82AB-DCDC625F02B1}.Debug|Any CPU.ActiveCfg = Debug|Any CPU
		{0BBD0188-05E0-4E70-82AB-DCDC625F02B1}.Debug|Any CPU.Build.0 = Debug|Any CPU
		{0BBD0188-05E0-4E70-82AB-DCDC625F02B1}.Release|Any CPU.ActiveCfg = Release|Any CPU
		{0BBD0188-05E0-4E70-82AB-DCDC625F02B1}.Release|Any CPU.Build.0 = Release|Any CPU
		{6DABF10B-5D21-44DF-8A1C-F9746B6133AA}.Debug|Any CPU.ActiveCfg = Debug|Any CPU
		{6DABF10B-5D21-44DF-8A1C-F9746B6133AA}.Debug|Any CPU.Build.0 = Debug|Any CPU
		{6DABF10B-5D21-44DF-8A1C-F9746B6133AA}.Release|Any CPU.ActiveCfg = Release|Any CPU
		{6DABF10B-5D21-44DF-8A1C-F9746B6133AA}.Release|Any CPU.Build.0 = Release|Any CPU
		{8D1CCA63-806F-40C5-9775-CD7F36B259A1}.Debug|Any CPU.ActiveCfg = Debug|Any CPU
		{8D1CCA63-806F-40C5-9775-CD7F36B259A1}.Debug|Any CPU.Build.0 = Debug|Any CPU
		{8D1CCA63-806F-40C5-9775-CD7F36B259A1}.Release|Any CPU.ActiveCfg = Release|Any CPU
		{8D1CCA63-806F-40C5-9775-CD7F36B259A1}.Release|Any CPU.Build.0 = Release|Any CPU
	EndGlobalSection
	GlobalSection(SolutionProperties) = preSolution
		HideSolutionNode = FALSE
	EndGlobalSection
	GlobalSection(ExtensibilityGlobals) = postSolution
		SolutionGuid = {5057D192-9B1F-45B4-979F-73A30E711617}
	EndGlobalSection
EndGlobal
